// !$*UTF8*$!
{
	archiveVersion = 1;
	classes = {
	};
	objectVersion = 46;
	objects = {

/* Begin PBXBuildFile section */
		2A642EF7179697D1007ED6D5 /* TestViewController.m in Sources */ = {isa = PBXBuildFile; fileRef = 2A642EF51796956B007ED6D5 /* TestViewController.m */; };
		2A642EF817969A57007ED6D5 /* TestViewController.xib in Resources */ = {isa = PBXBuildFile; fileRef = 2A642EF61796956B007ED6D5 /* TestViewController.xib */; };
		2A670ED8179770C200468434 /* Icon-72.png in Resources */ = {isa = PBXBuildFile; fileRef = 2A670ED4179770C200468434 /* Icon-72.png */; };
		2A670ED9179770C200468434 /* Icon-72@2x.png in Resources */ = {isa = PBXBuildFile; fileRef = 2A670ED5179770C200468434 /* Icon-72@2x.png */; };
		2A670EDA179770C200468434 /* Icon.png in Resources */ = {isa = PBXBuildFile; fileRef = 2A670ED6179770C200468434 /* Icon.png */; };
		2A670EDB179770C200468434 /* Icon@2x.png in Resources */ = {isa = PBXBuildFile; fileRef = 2A670ED7179770C200468434 /* Icon@2x.png */; };
		2A7F5EBC17934D6900ABF4AF /* LHSlideBarController.m in Sources */ = {isa = PBXBuildFile; fileRef = 2A7F5EB917934D6900ABF4AF /* LHSlideBarController.m */; };
		2A7F5EBD17934D6900ABF4AF /* LHSlideBar.m in Sources */ = {isa = PBXBuildFile; fileRef = 2A7F5EBB17934D6900ABF4AF /* LHSlideBar.m */; };
		2A8226291790701F0075F4C8 /* UIKit.framework in Frameworks */ = {isa = PBXBuildFile; fileRef = 2A8226281790701F0075F4C8 /* UIKit.framework */; };
		2A82262B1790701F0075F4C8 /* Foundation.framework in Frameworks */ = {isa = PBXBuildFile; fileRef = 2A82262A1790701F0075F4C8 /* Foundation.framework */; };
		2A82262D1790701F0075F4C8 /* CoreGraphics.framework in Frameworks */ = {isa = PBXBuildFile; fileRef = 2A82262C1790701F0075F4C8 /* CoreGraphics.framework */; };
		2A8226461790710F0075F4C8 /* QuartzCore.framework in Frameworks */ = {isa = PBXBuildFile; fileRef = 2A8226451790710F0075F4C8 /* QuartzCore.framework */; };
		2AE6653117932A9500468D68 /* Default-568h@2x.png in Resources */ = {isa = PBXBuildFile; fileRef = 2AE6651D17932A9500468D68 /* Default-568h@2x.png */; };
		2AE6653217932A9500468D68 /* Default.png in Resources */ = {isa = PBXBuildFile; fileRef = 2AE6651E17932A9500468D68 /* Default.png */; };
		2AE6653317932A9500468D68 /* Default@2x.png in Resources */ = {isa = PBXBuildFile; fileRef = 2AE6651F17932A9500468D68 /* Default@2x.png */; };
		2AE6653417932A9500468D68 /* InfoPlist.strings in Resources */ = {isa = PBXBuildFile; fileRef = 2AE6652017932A9500468D68 /* InfoPlist.strings */; };
		2AE6653517932A9500468D68 /* LHAppDelegate.m in Sources */ = {isa = PBXBuildFile; fileRef = 2AE6652317932A9500468D68 /* LHAppDelegate.m */; };
		2AE6653717932A9500468D68 /* main.m in Sources */ = {isa = PBXBuildFile; fileRef = 2AE6652617932A9500468D68 /* main.m */; };
/* End PBXBuildFile section */

/* Begin PBXFileReference section */
		2A642EF41796956B007ED6D5 /* TestViewController.h */ = {isa = PBXFileReference; lastKnownFileType = sourcecode.c.h; path = TestViewController.h; sourceTree = "<group>"; };
		2A642EF51796956B007ED6D5 /* TestViewController.m */ = {isa = PBXFileReference; lastKnownFileType = sourcecode.c.objc; path = TestViewController.m; sourceTree = "<group>"; };
		2A642EF61796956B007ED6D5 /* TestViewController.xib */ = {isa = PBXFileReference; lastKnownFileType = file.xib; path = TestViewController.xib; sourceTree = "<group>"; };
		2A670ED4179770C200468434 /* Icon-72.png */ = {isa = PBXFileReference; lastKnownFileType = image.png; path = "Icon-72.png"; sourceTree = SOURCE_ROOT; };
		2A670ED5179770C200468434 /* Icon-72@2x.png */ = {isa = PBXFileReference; lastKnownFileType = image.png; path = "Icon-72@2x.png"; sourceTree = SOURCE_ROOT; };
		2A670ED6179770C200468434 /* Icon.png */ = {isa = PBXFileReference; lastKnownFileType = image.png; path = Icon.png; sourceTree = SOURCE_ROOT; };
		2A670ED7179770C200468434 /* Icon@2x.png */ = {isa = PBXFileReference; lastKnownFileType = image.png; path = "Icon@2x.png"; sourceTree = SOURCE_ROOT; };
		2A7F5EB817934D6900ABF4AF /* LHSlideBarController.h */ = {isa = PBXFileReference; fileEncoding = 4; lastKnownFileType = sourcecode.c.h; path = LHSlideBarController.h; sourceTree = "<group>"; };
		2A7F5EB917934D6900ABF4AF /* LHSlideBarController.m */ = {isa = PBXFileReference; fileEncoding = 4; lastKnownFileType = sourcecode.c.objc; path = LHSlideBarController.m; sourceTree = "<group>"; };
		2A7F5EBA17934D6900ABF4AF /* LHSlideBar.h */ = {isa = PBXFileReference; fileEncoding = 4; lastKnownFileType = sourcecode.c.h; path = LHSlideBar.h; sourceTree = "<group>"; };
		2A7F5EBB17934D6900ABF4AF /* LHSlideBar.m */ = {isa = PBXFileReference; fileEncoding = 4; lastKnownFileType = sourcecode.c.objc; path = LHSlideBar.m; sourceTree = "<group>"; };
		2A8226251790701F0075F4C8 /* LHSlideBar.app */ = {isa = PBXFileReference; explicitFileType = wrapper.application; includeInIndex = 0; path = LHSlideBar.app; sourceTree = BUILT_PRODUCTS_DIR; };
		2A8226281790701F0075F4C8 /* UIKit.framework */ = {isa = PBXFileReference; lastKnownFileType = wrapper.framework; name = UIKit.framework; path = System/Library/Frameworks/UIKit.framework; sourceTree = SDKROOT; };
		2A82262A1790701F0075F4C8 /* Foundation.framework */ = {isa = PBXFileReference; lastKnownFileType = wrapper.framework; name = Foundation.framework; path = System/Library/Frameworks/Foundation.framework; sourceTree = SDKROOT; };
		2A82262C1790701F0075F4C8 /* CoreGraphics.framework */ = {isa = PBXFileReference; lastKnownFileType = wrapper.framework; name = CoreGraphics.framework; path = System/Library/Frameworks/CoreGraphics.framework; sourceTree = SDKROOT; };
		2A8226451790710F0075F4C8 /* QuartzCore.framework */ = {isa = PBXFileReference; lastKnownFileType = wrapper.framework; name = QuartzCore.framework; path = System/Library/Frameworks/QuartzCore.framework; sourceTree = SDKROOT; };
		2AE6651D17932A9500468D68 /* Default-568h@2x.png */ = {isa = PBXFileReference; lastKnownFileType = image.png; path = "Default-568h@2x.png"; sourceTree = "<group>"; };
		2AE6651E17932A9500468D68 /* Default.png */ = {isa = PBXFileReference; lastKnownFileType = image.png; path = Default.png; sourceTree = "<group>"; };
		2AE6651F17932A9500468D68 /* Default@2x.png */ = {isa = PBXFileReference; lastKnownFileType = image.png; path = "Default@2x.png"; sourceTree = "<group>"; };
		2AE6652117932A9500468D68 /* en */ = {isa = PBXFileReference; lastKnownFileType = text.plist.strings; name = en; path = en.lproj/InfoPlist.strings; sourceTree = "<group>"; };
		2AE6652217932A9500468D68 /* LHAppDelegate.h */ = {isa = PBXFileReference; fileEncoding = 4; lastKnownFileType = sourcecode.c.h; path = LHAppDelegate.h; sourceTree = "<group>"; };
		2AE6652317932A9500468D68 /* LHAppDelegate.m */ = {isa = PBXFileReference; fileEncoding = 4; lastKnownFileType = sourcecode.c.objc; path = LHAppDelegate.m; sourceTree = "<group>"; };
		2AE6652417932A9500468D68 /* LHSlideBar-Info.plist */ = {isa = PBXFileReference; fileEncoding = 4; lastKnownFileType = text.plist.xml; path = "LHSlideBar-Info.plist"; sourceTree = "<group>"; };
		2AE6652517932A9500468D68 /* LHSlideBar-Prefix.pch */ = {isa = PBXFileReference; fileEncoding = 4; lastKnownFileType = sourcecode.c.h; path = "LHSlideBar-Prefix.pch"; sourceTree = "<group>"; };
		2AE6652617932A9500468D68 /* main.m */ = {isa = PBXFileReference; fileEncoding = 4; lastKnownFileType = sourcecode.c.objc; path = main.m; sourceTree = "<group>"; };
/* End PBXFileReference section */

/* Begin PBXFrameworksBuildPhase section */
		2A8226221790701F0075F4C8 /* Frameworks */ = {
			isa = PBXFrameworksBuildPhase;
			buildActionMask = 2147483647;
			files = (
				2A8226461790710F0075F4C8 /* QuartzCore.framework in Frameworks */,
				2A8226291790701F0075F4C8 /* UIKit.framework in Frameworks */,
				2A82262B1790701F0075F4C8 /* Foundation.framework in Frameworks */,
				2A82262D1790701F0075F4C8 /* CoreGraphics.framework in Frameworks */,
			);
			runOnlyForDeploymentPostprocessing = 0;
		};
/* End PBXFrameworksBuildPhase section */

/* Begin PBXGroup section */
		2A7F5EB717934D6900ABF4AF /* LHSlideBar */ = {
			isa = PBXGroup;
			children = (
				2A7F5EB817934D6900ABF4AF /* LHSlideBarController.h */,
				2A7F5EB917934D6900ABF4AF /* LHSlideBarController.m */,
				2A7F5EBA17934D6900ABF4AF /* LHSlideBar.h */,
				2A7F5EBB17934D6900ABF4AF /* LHSlideBar.m */,
			);
			name = LHSlideBar;
			path = ../LHSlideBar;
			sourceTree = "<group>";
		};
		2A82261C1790701E0075F4C8 = {
			isa = PBXGroup;
			children = (
				2A7F5EB717934D6900ABF4AF /* LHSlideBar */,
				2AE6651C17932A9500468D68 /* Demo Classes */,
				2A8226271790701F0075F4C8 /* Frameworks */,
				2A8226261790701F0075F4C8 /* Products */,
			);
			sourceTree = "<group>";
		};
		2A8226261790701F0075F4C8 /* Products */ = {
			isa = PBXGroup;
			children = (
				2A8226251790701F0075F4C8 /* LHSlideBar.app */,
			);
			name = Products;
			sourceTree = "<group>";
		};
		2A8226271790701F0075F4C8 /* Frameworks */ = {
			isa = PBXGroup;
			children = (
				2A8226451790710F0075F4C8 /* QuartzCore.framework */,
				2A8226281790701F0075F4C8 /* UIKit.framework */,
				2A82262A1790701F0075F4C8 /* Foundation.framework */,
				2A82262C1790701F0075F4C8 /* CoreGraphics.framework */,
			);
			name = Frameworks;
			sourceTree = "<group>";
		};
		2AE6651C17932A9500468D68 /* Demo Classes */ = {
			isa = PBXGroup;
			children = (
				2AE6652217932A9500468D68 /* LHAppDelegate.h */,
				2AE6652317932A9500468D68 /* LHAppDelegate.m */,
				2A642EF41796956B007ED6D5 /* TestViewController.h */,
				2A642EF51796956B007ED6D5 /* TestViewController.m */,
				2A642EF61796956B007ED6D5 /* TestViewController.xib */,
				2AE6653E17932AAA00468D68 /* Supporting Files */,
			);
			path = "Demo Classes";
			sourceTree = "<group>";
		};
		2AE6653E17932AAA00468D68 /* Supporting Files */ = {
			isa = PBXGroup;
			children = (
				2A670ED6179770C200468434 /* Icon.png */,
				2A670ED7179770C200468434 /* Icon@2x.png */,
				2A670ED4179770C200468434 /* Icon-72.png */,
				2A670ED5179770C200468434 /* Icon-72@2x.png */,
				2AE6652417932A9500468D68 /* LHSlideBar-Info.plist */,
				2AE6652017932A9500468D68 /* InfoPlist.strings */,
				2AE6652617932A9500468D68 /* main.m */,
				2AE6652517932A9500468D68 /* LHSlideBar-Prefix.pch */,
				2AE6651E17932A9500468D68 /* Default.png */,
				2AE6651F17932A9500468D68 /* Default@2x.png */,
				2AE6651D17932A9500468D68 /* Default-568h@2x.png */,
			);
			name = "Supporting Files";
			sourceTree = "<group>";
		};
/* End PBXGroup section */

/* Begin PBXNativeTarget section */
		2A8226241790701F0075F4C8 /* LHSlideBar */ = {
			isa = PBXNativeTarget;
			buildConfigurationList = 2A8226421790701F0075F4C8 /* Build configuration list for PBXNativeTarget "LHSlideBar" */;
			buildPhases = (
				2A8226211790701F0075F4C8 /* Sources */,
				2A8226221790701F0075F4C8 /* Frameworks */,
				2A8226231790701F0075F4C8 /* Resources */,
			);
			buildRules = (
			);
			dependencies = (
			);
			name = LHSlideBar;
			productName = LHSlideBar;
			productReference = 2A8226251790701F0075F4C8 /* LHSlideBar.app */;
			productType = "com.apple.product-type.application";
		};
/* End PBXNativeTarget section */

/* Begin PBXProject section */
		2A82261D1790701E0075F4C8 /* Project object */ = {
			isa = PBXProject;
			attributes = {
				CLASSPREFIX = LH;
				LastUpgradeCheck = 0460;
				ORGANIZATIONNAME = "Pig on a Hill";
			};
			buildConfigurationList = 2A8226201790701E0075F4C8 /* Build configuration list for PBXProject "LHSlideBar" */;
			compatibilityVersion = "Xcode 3.2";
			developmentRegion = English;
			hasScannedForEncodings = 0;
			knownRegions = (
				en,
			);
			mainGroup = 2A82261C1790701E0075F4C8;
			productRefGroup = 2A8226261790701F0075F4C8 /* Products */;
			projectDirPath = "";
			projectRoot = "";
			targets = (
				2A8226241790701F0075F4C8 /* LHSlideBar */,
			);
		};
/* End PBXProject section */

/* Begin PBXResourcesBuildPhase section */
		2A8226231790701F0075F4C8 /* Resources */ = {
			isa = PBXResourcesBuildPhase;
			buildActionMask = 2147483647;
			files = (
				2A642EF817969A57007ED6D5 /* TestViewController.xib in Resources */,
				2AE6653117932A9500468D68 /* Default-568h@2x.png in Resources */,
				2AE6653217932A9500468D68 /* Default.png in Resources */,
				2AE6653317932A9500468D68 /* Default@2x.png in Resources */,
				2AE6653417932A9500468D68 /* InfoPlist.strings in Resources */,
				2A670ED8179770C200468434 /* Icon-72.png in Resources */,
				2A670ED9179770C200468434 /* Icon-72@2x.png in Resources */,
				2A670EDA179770C200468434 /* Icon.png in Resources */,
				2A670EDB179770C200468434 /* Icon@2x.png in Resources */,
			);
			runOnlyForDeploymentPostprocessing = 0;
		};
/* End PBXResourcesBuildPhase section */

/* Begin PBXSourcesBuildPhase section */
		2A8226211790701F0075F4C8 /* Sources */ = {
			isa = PBXSourcesBuildPhase;
			buildActionMask = 2147483647;
			files = (
				2A642EF7179697D1007ED6D5 /* TestViewController.m in Sources */,
				2AE6653517932A9500468D68 /* LHAppDelegate.m in Sources */,
				2AE6653717932A9500468D68 /* main.m in Sources */,
				2A7F5EBC17934D6900ABF4AF /* LHSlideBarController.m in Sources */,
				2A7F5EBD17934D6900ABF4AF /* LHSlideBar.m in Sources */,
			);
			runOnlyForDeploymentPostprocessing = 0;
		};
/* End PBXSourcesBuildPhase section */

/* Begin PBXVariantGroup section */
		2AE6652017932A9500468D68 /* InfoPlist.strings */ = {
			isa = PBXVariantGroup;
			children = (
				2AE6652117932A9500468D68 /* en */,
			);
			name = InfoPlist.strings;
			sourceTree = "<group>";
		};
/* End PBXVariantGroup section */

/* Begin XCBuildConfiguration section */
		2A8226401790701F0075F4C8 /* Debug */ = {
			isa = XCBuildConfiguration;
			buildSettings = {
				ALWAYS_SEARCH_USER_PATHS = NO;
				CLANG_CXX_LANGUAGE_STANDARD = "gnu++0x";
				CLANG_CXX_LIBRARY = "libc++";
				CLANG_ENABLE_OBJC_ARC = YES;
				CLANG_WARN_CONSTANT_CONVERSION = YES;
				CLANG_WARN_EMPTY_BODY = YES;
				CLANG_WARN_ENUM_CONVERSION = YES;
				CLANG_WARN_INT_CONVERSION = YES;
				CLANG_WARN__DUPLICATE_METHOD_MATCH = YES;
				CODE_SIGN_IDENTITY = "";
				"CODE_SIGN_IDENTITY[sdk=iphoneos*]" = "iPhone Developer";
				COPY_PHASE_STRIP = NO;
				GCC_C_LANGUAGE_STANDARD = gnu99;
				GCC_DYNAMIC_NO_PIC = NO;
				GCC_OPTIMIZATION_LEVEL = 0;
				GCC_PREPROCESSOR_DEFINITIONS = (
					"DEBUG=1",
					"$(inherited)",
				);
				GCC_SYMBOLS_PRIVATE_EXTERN = NO;
				GCC_WARN_ABOUT_RETURN_TYPE = YES;
				GCC_WARN_UNINITIALIZED_AUTOS = YES;
				GCC_WARN_UNUSED_VARIABLE = YES;
				IPHONEOS_DEPLOYMENT_TARGET = 5.0;
				ONLY_ACTIVE_ARCH = YES;
				SDKROOT = iphoneos;
			};
			name = Debug;
		};
		2A8226411790701F0075F4C8 /* Release */ = {
			isa = XCBuildConfiguration;
			buildSettings = {
				ALWAYS_SEARCH_USER_PATHS = NO;
				CLANG_CXX_LANGUAGE_STANDARD = "gnu++0x";
				CLANG_CXX_LIBRARY = "libc++";
				CLANG_ENABLE_OBJC_ARC = YES;
				CLANG_WARN_CONSTANT_CONVERSION = YES;
				CLANG_WARN_EMPTY_BODY = YES;
				CLANG_WARN_ENUM_CONVERSION = YES;
				CLANG_WARN_INT_CONVERSION = YES;
				CLANG_WARN__DUPLICATE_METHOD_MATCH = YES;
				CODE_SIGN_IDENTITY = "";
				"CODE_SIGN_IDENTITY[sdk=iphoneos*]" = "iPhone Developer";
				COPY_PHASE_STRIP = YES;
				GCC_C_LANGUAGE_STANDARD = gnu99;
				GCC_WARN_ABOUT_RETURN_TYPE = YES;
				GCC_WARN_UNINITIALIZED_AUTOS = YES;
				GCC_WARN_UNUSED_VARIABLE = YES;
				IPHONEOS_DEPLOYMENT_TARGET = 5.0;
				OTHER_CFLAGS = "-DNS_BLOCK_ASSERTIONS=1";
				SDKROOT = iphoneos;
				VALIDATE_PRODUCT = YES;
			};
			name = Release;
		};
		2A8226431790701F0075F4C8 /* Debug */ = {
			isa = XCBuildConfiguration;
			buildSettings = {
				"CODE_SIGN_IDENTITY[sdk=iphoneos*]" = "iPhone Developer";
				GCC_PRECOMPILE_PREFIX_HEADER = YES;
				GCC_PREFIX_HEADER = "$(SRCROOT)/Demo Classes/LHSlideBar-Prefix.pch";
				INFOPLIST_FILE = "$(SRCROOT)/Demo Classes/LHSlideBar-Info.plist";
				PRODUCT_NAME = "$(TARGET_NAME)";
				"PROVISIONING_PROFILE[sdk=iphoneos*]" = "";
				WRAPPER_EXTENSION = app;
			};
			name = Debug;
		};
		2A8226441790701F0075F4C8 /* Release */ = {
			isa = XCBuildConfiguration;
			buildSettings = {
				GCC_PRECOMPILE_PREFIX_HEADER = YES;
				GCC_PREFIX_HEADER = "$(SRCROOT)/Demo Classes/LHSlideBar-Prefix.pch";
				INFOPLIST_FILE = "$(SRCROOT)/Demo Classes/LHSlideBar-Info.plist";
				PRODUCT_NAME = "$(TARGET_NAME)";
				WRAPPER_EXTENSION = app;
			};
			name = Release;
		};
/* End XCBuildConfiguration section */

/* Begin XCConfigurationList section */
		2A8226201790701E0075F4C8 /* Build configuration list for PBXProject "LHSlideBar" */ = {
			isa = XCConfigurationList;
			buildConfigurations = (
				2A8226401790701F0075F4C8 /* Debug */,
				2A8226411790701F0075F4C8 /* Release */,
			);
			defaultConfigurationIsVisible = 0;
			defaultConfigurationName = Release;
		};
		2A8226421790701F0075F4C8 /* Build configuration list for PBXNativeTarget "LHSlideBar" */ = {
			isa = XCConfigurationList;
			buildConfigurations = (
				2A8226431790701F0075F4C8 /* Debug */,
				2A8226441790701F0075F4C8 /* Release */,
			);
			defaultConfigurationIsVisible = 0;
			defaultConfigurationName = Release;
		};
/* End XCConfigurationList section */
	};
	rootObject = 2A82261D1790701E0075F4C8 /* Project object */;
}
