// !$*UTF8*$!
{
	archiveVersion = 1;
	classes = {
	};
	objectVersion = 46;
	objects = {

/* Begin PBXBuildFile section */
		180A261E1790AD4F0072E321 /* ViewControllerTwo.m in Sources */ = {isa = PBXBuildFile; fileRef = 180A261C1790AD4E0072E321 /* ViewControllerTwo.m */; };
		180A261F1790AD4F0072E321 /* ViewControllerTwo.xib in Resources */ = {isa = PBXBuildFile; fileRef = 180A261D1790AD4F0072E321 /* ViewControllerTwo.xib */; };
		180A26231790AD5C0072E321 /* ViewControllerThree.m in Sources */ = {isa = PBXBuildFile; fileRef = 180A26211790AD5C0072E321 /* ViewControllerThree.m */; };
		180A26241790AD5C0072E321 /* ViewControllerThree.xib in Resources */ = {isa = PBXBuildFile; fileRef = 180A26221790AD5C0072E321 /* ViewControllerThree.xib */; };
		18CA2AA71790A26F0029C39E /* LHTableViewController.m in Sources */ = {isa = PBXBuildFile; fileRef = 18CA2AA61790A26F0029C39E /* LHTableViewController.m */; };
		2A8226291790701F0075F4C8 /* UIKit.framework in Frameworks */ = {isa = PBXBuildFile; fileRef = 2A8226281790701F0075F4C8 /* UIKit.framework */; };
		2A82262B1790701F0075F4C8 /* Foundation.framework in Frameworks */ = {isa = PBXBuildFile; fileRef = 2A82262A1790701F0075F4C8 /* Foundation.framework */; };
		2A82262D1790701F0075F4C8 /* CoreGraphics.framework in Frameworks */ = {isa = PBXBuildFile; fileRef = 2A82262C1790701F0075F4C8 /* CoreGraphics.framework */; };
		2A8226331790701F0075F4C8 /* InfoPlist.strings in Resources */ = {isa = PBXBuildFile; fileRef = 2A8226311790701F0075F4C8 /* InfoPlist.strings */; };
		2A8226351790701F0075F4C8 /* main.m in Sources */ = {isa = PBXBuildFile; fileRef = 2A8226341790701F0075F4C8 /* main.m */; };
		2A8226391790701F0075F4C8 /* LHAppDelegate.m in Sources */ = {isa = PBXBuildFile; fileRef = 2A8226381790701F0075F4C8 /* LHAppDelegate.m */; };
		2A82263B1790701F0075F4C8 /* Default.png in Resources */ = {isa = PBXBuildFile; fileRef = 2A82263A1790701F0075F4C8 /* Default.png */; };
		2A82263D1790701F0075F4C8 /* Default@2x.png in Resources */ = {isa = PBXBuildFile; fileRef = 2A82263C1790701F0075F4C8 /* Default@2x.png */; };
		2A82263F1790701F0075F4C8 /* Default-568h@2x.png in Resources */ = {isa = PBXBuildFile; fileRef = 2A82263E1790701F0075F4C8 /* Default-568h@2x.png */; };
		2A8226461790710F0075F4C8 /* QuartzCore.framework in Frameworks */ = {isa = PBXBuildFile; fileRef = 2A8226451790710F0075F4C8 /* QuartzCore.framework */; };
		2A822649179071650075F4C8 /* LHSlideBarController.m in Sources */ = {isa = PBXBuildFile; fileRef = 2A822648179071650075F4C8 /* LHSlideBarController.m */; };
		2A82264D17907AC90075F4C8 /* ViewControllerOne.m in Sources */ = {isa = PBXBuildFile; fileRef = 2A82264B17907AC90075F4C8 /* ViewControllerOne.m */; };
		2A82264E17907AC90075F4C8 /* ViewControllerOne.xib in Resources */ = {isa = PBXBuildFile; fileRef = 2A82264C17907AC90075F4C8 /* ViewControllerOne.xib */; };
/* End PBXBuildFile section */

/* Begin PBXFileReference section */
		180A261B1790AD4E0072E321 /* ViewControllerTwo.h */ = {isa = PBXFileReference; fileEncoding = 4; lastKnownFileType = sourcecode.c.h; path = ViewControllerTwo.h; sourceTree = "<group>"; };
		180A261C1790AD4E0072E321 /* ViewControllerTwo.m */ = {isa = PBXFileReference; fileEncoding = 4; lastKnownFileType = sourcecode.c.objc; path = ViewControllerTwo.m; sourceTree = "<group>"; };
		180A261D1790AD4F0072E321 /* ViewControllerTwo.xib */ = {isa = PBXFileReference; fileEncoding = 4; lastKnownFileType = file.xib; path = ViewControllerTwo.xib; sourceTree = "<group>"; };
		180A26201790AD5B0072E321 /* ViewControllerThree.h */ = {isa = PBXFileReference; fileEncoding = 4; lastKnownFileType = sourcecode.c.h; path = ViewControllerThree.h; sourceTree = "<group>"; };
		180A26211790AD5C0072E321 /* ViewControllerThree.m */ = {isa = PBXFileReference; fileEncoding = 4; lastKnownFileType = sourcecode.c.objc; path = ViewControllerThree.m; sourceTree = "<group>"; };
		180A26221790AD5C0072E321 /* ViewControllerThree.xib */ = {isa = PBXFileReference; fileEncoding = 4; lastKnownFileType = file.xib; path = ViewControllerThree.xib; sourceTree = "<group>"; };
		18CA2AA51790A26F0029C39E /* LHTableViewController.h */ = {isa = PBXFileReference; fileEncoding = 4; lastKnownFileType = sourcecode.c.h; path = LHTableViewController.h; sourceTree = "<group>"; };
		18CA2AA61790A26F0029C39E /* LHTableViewController.m */ = {isa = PBXFileReference; fileEncoding = 4; lastKnownFileType = sourcecode.c.objc; path = LHTableViewController.m; sourceTree = "<group>"; };
		2A8226251790701F0075F4C8 /* LHSlideBar.app */ = {isa = PBXFileReference; explicitFileType = wrapper.application; includeInIndex = 0; path = LHSlideBar.app; sourceTree = BUILT_PRODUCTS_DIR; };
		2A8226281790701F0075F4C8 /* UIKit.framework */ = {isa = PBXFileReference; lastKnownFileType = wrapper.framework; name = UIKit.framework; path = System/Library/Frameworks/UIKit.framework; sourceTree = SDKROOT; };
		2A82262A1790701F0075F4C8 /* Foundation.framework */ = {isa = PBXFileReference; lastKnownFileType = wrapper.framework; name = Foundation.framework; path = System/Library/Frameworks/Foundation.framework; sourceTree = SDKROOT; };
		2A82262C1790701F0075F4C8 /* CoreGraphics.framework */ = {isa = PBXFileReference; lastKnownFileType = wrapper.framework; name = CoreGraphics.framework; path = System/Library/Frameworks/CoreGraphics.framework; sourceTree = SDKROOT; };
		2A8226301790701F0075F4C8 /* LHSlideBar-Info.plist */ = {isa = PBXFileReference; lastKnownFileType = text.plist.xml; path = "LHSlideBar-Info.plist"; sourceTree = "<group>"; };
		2A8226321790701F0075F4C8 /* en */ = {isa = PBXFileReference; lastKnownFileType = text.plist.strings; name = en; path = en.lproj/InfoPlist.strings; sourceTree = "<group>"; };
		2A8226341790701F0075F4C8 /* main.m */ = {isa = PBXFileReference; lastKnownFileType = sourcecode.c.objc; path = main.m; sourceTree = "<group>"; };
		2A8226361790701F0075F4C8 /* LHSlideBar-Prefix.pch */ = {isa = PBXFileReference; lastKnownFileType = sourcecode.c.h; path = "LHSlideBar-Prefix.pch"; sourceTree = "<group>"; };
		2A8226371790701F0075F4C8 /* LHAppDelegate.h */ = {isa = PBXFileReference; lastKnownFileType = sourcecode.c.h; path = LHAppDelegate.h; sourceTree = "<group>"; };
		2A8226381790701F0075F4C8 /* LHAppDelegate.m */ = {isa = PBXFileReference; lastKnownFileType = sourcecode.c.objc; path = LHAppDelegate.m; sourceTree = "<group>"; };
		2A82263A1790701F0075F4C8 /* Default.png */ = {isa = PBXFileReference; lastKnownFileType = image.png; path = Default.png; sourceTree = "<group>"; };
		2A82263C1790701F0075F4C8 /* Default@2x.png */ = {isa = PBXFileReference; lastKnownFileType = image.png; path = "Default@2x.png"; sourceTree = "<group>"; };
		2A82263E1790701F0075F4C8 /* Default-568h@2x.png */ = {isa = PBXFileReference; lastKnownFileType = image.png; path = "Default-568h@2x.png"; sourceTree = "<group>"; };
		2A8226451790710F0075F4C8 /* QuartzCore.framework */ = {isa = PBXFileReference; lastKnownFileType = wrapper.framework; name = QuartzCore.framework; path = System/Library/Frameworks/QuartzCore.framework; sourceTree = SDKROOT; };
		2A822647179071650075F4C8 /* LHSlideBarController.h */ = {isa = PBXFileReference; fileEncoding = 4; lastKnownFileType = sourcecode.c.h; path = LHSlideBarController.h; sourceTree = "<group>"; };
		2A822648179071650075F4C8 /* LHSlideBarController.m */ = {isa = PBXFileReference; fileEncoding = 4; lastKnownFileType = sourcecode.c.objc; path = LHSlideBarController.m; sourceTree = "<group>"; };
		2A82264A17907AC90075F4C8 /* ViewControllerOne.h */ = {isa = PBXFileReference; fileEncoding = 4; lastKnownFileType = sourcecode.c.h; path = ViewControllerOne.h; sourceTree = "<group>"; };
		2A82264B17907AC90075F4C8 /* ViewControllerOne.m */ = {isa = PBXFileReference; fileEncoding = 4; lastKnownFileType = sourcecode.c.objc; path = ViewControllerOne.m; sourceTree = "<group>"; };
		2A82264C17907AC90075F4C8 /* ViewControllerOne.xib */ = {isa = PBXFileReference; fileEncoding = 4; lastKnownFileType = file.xib; path = ViewControllerOne.xib; sourceTree = "<group>"; };
/* End PBXFileReference section */

/* Begin PBXFrameworksBuildPhase section */
		2A8226221790701F0075F4C8 /* Frameworks */ = {
			isa = PBXFrameworksBuildPhase;
			buildActionMask = 2147483647;
			files = (
				2A8226461790710F0075F4C8 /* QuartzCore.framework in Frameworks */,
				2A8226291790701F0075F4C8 /* UIKit.framework in Frameworks */,
				2A82262B1790701F0075F4C8 /* Foundation.framework in Frameworks */,
				2A82262D1790701F0075F4C8 /* CoreGraphics.framework in Frameworks */,
			);
			runOnlyForDeploymentPostprocessing = 0;
		};
/* End PBXFrameworksBuildPhase section */

/* Begin PBXGroup section */
		180A26251790B0CF0072E321 /* Test View Controllers */ = {
			isa = PBXGroup;
			children = (
				2A82264A17907AC90075F4C8 /* ViewControllerOne.h */,
				2A82264B17907AC90075F4C8 /* ViewControllerOne.m */,
				2A82264C17907AC90075F4C8 /* ViewControllerOne.xib */,
				180A261B1790AD4E0072E321 /* ViewControllerTwo.h */,
				180A261C1790AD4E0072E321 /* ViewControllerTwo.m */,
				180A261D1790AD4F0072E321 /* ViewControllerTwo.xib */,
				180A26201790AD5B0072E321 /* ViewControllerThree.h */,
				180A26211790AD5C0072E321 /* ViewControllerThree.m */,
				180A26221790AD5C0072E321 /* ViewControllerThree.xib */,
			);
			name = "Test View Controllers";
			sourceTree = "<group>";
		};
		2A82261C1790701E0075F4C8 = {
			isa = PBXGroup;
			children = (
				2A82262E1790701F0075F4C8 /* LHSlideBar */,
				2A8226271790701F0075F4C8 /* Frameworks */,
				2A8226261790701F0075F4C8 /* Products */,
			);
			sourceTree = "<group>";
		};
		2A8226261790701F0075F4C8 /* Products */ = {
			isa = PBXGroup;
			children = (
				2A8226251790701F0075F4C8 /* LHSlideBar.app */,
			);
			name = Products;
			sourceTree = "<group>";
		};
		2A8226271790701F0075F4C8 /* Frameworks */ = {
			isa = PBXGroup;
			children = (
				2A8226451790710F0075F4C8 /* QuartzCore.framework */,
				2A8226281790701F0075F4C8 /* UIKit.framework */,
				2A82262A1790701F0075F4C8 /* Foundation.framework */,
				2A82262C1790701F0075F4C8 /* CoreGraphics.framework */,
			);
			name = Frameworks;
			sourceTree = "<group>";
		};
		2A82262E1790701F0075F4C8 /* LHSlideBar */ = {
			isa = PBXGroup;
			children = (
				2A8226371790701F0075F4C8 /* LHAppDelegate.h */,
				2A8226381790701F0075F4C8 /* LHAppDelegate.m */,
				2A822647179071650075F4C8 /* LHSlideBarController.h */,
				2A822648179071650075F4C8 /* LHSlideBarController.m */,
				18CA2AA51790A26F0029C39E /* LHTableViewController.h */,
				18CA2AA61790A26F0029C39E /* LHTableViewController.m */,
				180A26251790B0CF0072E321 /* Test View Controllers */,
				2A82262F1790701F0075F4C8 /* Supporting Files */,
			);
			path = LHSlideBar;
			sourceTree = "<group>";
		};
		2A82262F1790701F0075F4C8 /* Supporting Files */ = {
			isa = PBXGroup;
			children = (
				2A8226301790701F0075F4C8 /* LHSlideBar-Info.plist */,
				2A8226311790701F0075F4C8 /* InfoPlist.strings */,
				2A8226341790701F0075F4C8 /* main.m */,
				2A8226361790701F0075F4C8 /* LHSlideBar-Prefix.pch */,
				2A82263A1790701F0075F4C8 /* Default.png */,
				2A82263C1790701F0075F4C8 /* Default@2x.png */,
				2A82263E1790701F0075F4C8 /* Default-568h@2x.png */,
			);
			name = "Supporting Files";
			sourceTree = "<group>";
		};
/* End PBXGroup section */

/* Begin PBXNativeTarget section */
		2A8226241790701F0075F4C8 /* LHSlideBar */ = {
			isa = PBXNativeTarget;
			buildConfigurationList = 2A8226421790701F0075F4C8 /* Build configuration list for PBXNativeTarget "LHSlideBar" */;
			buildPhases = (
				2A8226211790701F0075F4C8 /* Sources */,
				2A8226221790701F0075F4C8 /* Frameworks */,
				2A8226231790701F0075F4C8 /* Resources */,
			);
			buildRules = (
			);
			dependencies = (
			);
			name = LHSlideBar;
			productName = LHSlideBar;
			productReference = 2A8226251790701F0075F4C8 /* LHSlideBar.app */;
			productType = "com.apple.product-type.application";
		};
/* End PBXNativeTarget section */

/* Begin PBXProject section */
		2A82261D1790701E0075F4C8 /* Project object */ = {
			isa = PBXProject;
			attributes = {
				CLASSPREFIX = LH;
				LastUpgradeCheck = 0460;
				ORGANIZATIONNAME = "Pig on a Hill";
			};
			buildConfigurationList = 2A8226201790701E0075F4C8 /* Build configuration list for PBXProject "LHSlideBar" */;
			compatibilityVersion = "Xcode 3.2";
			developmentRegion = English;
			hasScannedForEncodings = 0;
			knownRegions = (
				en,
			);
			mainGroup = 2A82261C1790701E0075F4C8;
			productRefGroup = 2A8226261790701F0075F4C8 /* Products */;
			projectDirPath = "";
			projectRoot = "";
			targets = (
				2A8226241790701F0075F4C8 /* LHSlideBar */,
			);
		};
/* End PBXProject section */

/* Begin PBXResourcesBuildPhase section */
		2A8226231790701F0075F4C8 /* Resources */ = {
			isa = PBXResourcesBuildPhase;
			buildActionMask = 2147483647;
			files = (
				2A8226331790701F0075F4C8 /* InfoPlist.strings in Resources */,
				2A82263B1790701F0075F4C8 /* Default.png in Resources */,
				2A82263D1790701F0075F4C8 /* Default@2x.png in Resources */,
				2A82263F1790701F0075F4C8 /* Default-568h@2x.png in Resources */,
				2A82264E17907AC90075F4C8 /* ViewControllerOne.xib in Resources */,
				180A261F1790AD4F0072E321 /* ViewControllerTwo.xib in Resources */,
				180A26241790AD5C0072E321 /* ViewControllerThree.xib in Resources */,
			);
			runOnlyForDeploymentPostprocessing = 0;
		};
/* End PBXResourcesBuildPhase section */

/* Begin PBXSourcesBuildPhase section */
		2A8226211790701F0075F4C8 /* Sources */ = {
			isa = PBXSourcesBuildPhase;
			buildActionMask = 2147483647;
			files = (
				2A8226351790701F0075F4C8 /* main.m in Sources */,
				2A8226391790701F0075F4C8 /* LHAppDelegate.m in Sources */,
				2A822649179071650075F4C8 /* LHSlideBarController.m in Sources */,
				2A82264D17907AC90075F4C8 /* ViewControllerOne.m in Sources */,
				18CA2AA71790A26F0029C39E /* LHTableViewController.m in Sources */,
				180A261E1790AD4F0072E321 /* ViewControllerTwo.m in Sources */,
				180A26231790AD5C0072E321 /* ViewControllerThree.m in Sources */,
			);
			runOnlyForDeploymentPostprocessing = 0;
		};
/* End PBXSourcesBuildPhase section */

/* Begin PBXVariantGroup section */
		2A8226311790701F0075F4C8 /* InfoPlist.strings */ = {
			isa = PBXVariantGroup;
			children = (
				2A8226321790701F0075F4C8 /* en */,
			);
			name = InfoPlist.strings;
			sourceTree = "<group>";
		};
/* End PBXVariantGroup section */

/* Begin XCBuildConfiguration section */
		2A8226401790701F0075F4C8 /* Debug */ = {
			isa = XCBuildConfiguration;
			buildSettings = {
				ALWAYS_SEARCH_USER_PATHS = NO;
				CLANG_CXX_LANGUAGE_STANDARD = "gnu++0x";
				CLANG_CXX_LIBRARY = "libc++";
				CLANG_ENABLE_OBJC_ARC = YES;
				CLANG_WARN_CONSTANT_CONVERSION = YES;
				CLANG_WARN_EMPTY_BODY = YES;
				CLANG_WARN_ENUM_CONVERSION = YES;
				CLANG_WARN_INT_CONVERSION = YES;
				CLANG_WARN__DUPLICATE_METHOD_MATCH = YES;
				"CODE_SIGN_IDENTITY[sdk=iphoneos*]" = "iPhone Developer";
				COPY_PHASE_STRIP = NO;
				GCC_C_LANGUAGE_STANDARD = gnu99;
				GCC_DYNAMIC_NO_PIC = NO;
				GCC_OPTIMIZATION_LEVEL = 0;
				GCC_PREPROCESSOR_DEFINITIONS = (
					"DEBUG=1",
					"$(inherited)",
				);
				GCC_SYMBOLS_PRIVATE_EXTERN = NO;
				GCC_WARN_ABOUT_RETURN_TYPE = YES;
				GCC_WARN_UNINITIALIZED_AUTOS = YES;
				GCC_WARN_UNUSED_VARIABLE = YES;
				IPHONEOS_DEPLOYMENT_TARGET = 6.0;
				ONLY_ACTIVE_ARCH = YES;
				SDKROOT = iphoneos;
			};
			name = Debug;
		};
		2A8226411790701F0075F4C8 /* Release */ = {
			isa = XCBuildConfiguration;
			buildSettings = {
				ALWAYS_SEARCH_USER_PATHS = NO;
				CLANG_CXX_LANGUAGE_STANDARD = "gnu++0x";
				CLANG_CXX_LIBRARY = "libc++";
				CLANG_ENABLE_OBJC_ARC = YES;
				CLANG_WARN_CONSTANT_CONVERSION = YES;
				CLANG_WARN_EMPTY_BODY = YES;
				CLANG_WARN_ENUM_CONVERSION = YES;
				CLANG_WARN_INT_CONVERSION = YES;
				CLANG_WARN__DUPLICATE_METHOD_MATCH = YES;
				"CODE_SIGN_IDENTITY[sdk=iphoneos*]" = "iPhone Developer";
				COPY_PHASE_STRIP = YES;
				GCC_C_LANGUAGE_STANDARD = gnu99;
				GCC_WARN_ABOUT_RETURN_TYPE = YES;
				GCC_WARN_UNINITIALIZED_AUTOS = YES;
				GCC_WARN_UNUSED_VARIABLE = YES;
				IPHONEOS_DEPLOYMENT_TARGET = 6.0;
				OTHER_CFLAGS = "-DNS_BLOCK_ASSERTIONS=1";
				SDKROOT = iphoneos;
				VALIDATE_PRODUCT = YES;
			};
			name = Release;
		};
		2A8226431790701F0075F4C8 /* Debug */ = {
			isa = XCBuildConfiguration;
			buildSettings = {
				GCC_PRECOMPILE_PREFIX_HEADER = YES;
				GCC_PREFIX_HEADER = "LHSlideBar/LHSlideBar-Prefix.pch";
				INFOPLIST_FILE = "LHSlideBar/LHSlideBar-Info.plist";
				PRODUCT_NAME = "$(TARGET_NAME)";
				WRAPPER_EXTENSION = app;
			};
			name = Debug;
		};
		2A8226441790701F0075F4C8 /* Release */ = {
			isa = XCBuildConfiguration;
			buildSettings = {
				GCC_PRECOMPILE_PREFIX_HEADER = YES;
				GCC_PREFIX_HEADER = "LHSlideBar/LHSlideBar-Prefix.pch";
				INFOPLIST_FILE = "LHSlideBar/LHSlideBar-Info.plist";
				PRODUCT_NAME = "$(TARGET_NAME)";
				WRAPPER_EXTENSION = app;
			};
			name = Release;
		};
/* End XCBuildConfiguration section */

/* Begin XCConfigurationList section */
		2A8226201790701E0075F4C8 /* Build configuration list for PBXProject "LHSlideBar" */ = {
			isa = XCConfigurationList;
			buildConfigurations = (
				2A8226401790701F0075F4C8 /* Debug */,
				2A8226411790701F0075F4C8 /* Release */,
			);
			defaultConfigurationIsVisible = 0;
			defaultConfigurationName = Release;
		};
		2A8226421790701F0075F4C8 /* Build configuration list for PBXNativeTarget "LHSlideBar" */ = {
			isa = XCConfigurationList;
			buildConfigurations = (
				2A8226431790701F0075F4C8 /* Debug */,
				2A8226441790701F0075F4C8 /* Release */,
			);
			defaultConfigurationIsVisible = 0;
			defaultConfigurationName = Release;
		};
/* End XCConfigurationList section */
	};
	rootObject = 2A82261D1790701E0075F4C8 /* Project object */;
}
